
Microsoft Visual Studio Solution File, Format Version 12.00
# Visual Studio Version 17
VisualStudioVersion = 17.0.31903.59
MinimumVisualStudioVersion = 10.0.40219.1
Project("{FAE04EC0-301F-11D3-BF4B-00C04F79EFBC}") = "MiniGame", "MiniGame\MiniGame.csproj", "{C5844154-4683-4055-8153-4C623D46C91A}"
EndProject
Project("{FAE04EC0-301F-11D3-BF4B-00C04F79EFBC}") = "GameUnits", "GameUnits\GameUnits.csproj", "{D3107038-2972-4EFE-8DEF-9ACBACC5E179}"
EndProject
Project("{FAE04EC0-301F-11D3-BF4B-00C04F79EFBC}") = "OverrideVsNew", "OverrideVsNew\OverrideVsNew.csproj", "{93F0392D-93A2-4C79-9C19-1B89B8B32604}"
EndProject
Project("{FAE04EC0-301F-11D3-BF4B-00C04F79EFBC}") = "ClassVsStruct", "ClassVsStruct\ClassVsStruct.csproj", "{E6C221EC-F7CA-43B9-BD37-0784498CC57E}"
EndProject
Project("{FAE04EC0-301F-11D3-BF4B-00C04F79EFBC}") = "StructWithRef", "StructWithRef\StructWithRef.csproj", "{652811B8-9C6D-4A9C-878A-73AB16C150FB}"
EndProject
Global
	GlobalSection(SolutionConfigurationPlatforms) = preSolution
		Debug|Any CPU = Debug|Any CPU
		Release|Any CPU = Release|Any CPU
	EndGlobalSection
	GlobalSection(SolutionProperties) = preSolution
		HideSolutionNode = FALSE
	EndGlobalSection
	GlobalSection(ProjectConfigurationPlatforms) = postSolution
		{C5844154-4683-4055-8153-4C623D46C91A}.Debug|Any CPU.ActiveCfg = Debug|Any CPU
		{C5844154-4683-4055-8153-4C623D46C91A}.Debug|Any CPU.Build.0 = Debug|Any CPU
		{C5844154-4683-4055-8153-4C623D46C91A}.Release|Any CPU.ActiveCfg = Release|Any CPU
		{C5844154-4683-4055-8153-4C623D46C91A}.Release|Any CPU.Build.0 = Release|Any CPU
		{D3107038-2972-4EFE-8DEF-9ACBACC5E179}.Debug|Any CPU.ActiveCfg = Debug|Any CPU
		{D3107038-2972-4EFE-8DEF-9ACBACC5E179}.Debug|Any CPU.Build.0 = Debug|Any CPU
		{D3107038-2972-4EFE-8DEF-9ACBACC5E179}.Release|Any CPU.ActiveCfg = Release|Any CPU
		{D3107038-2972-4EFE-8DEF-9ACBACC5E179}.Release|Any CPU.Build.0 = Release|Any CPU
		{93F0392D-93A2-4C79-9C19-1B89B8B32604}.Debug|Any CPU.ActiveCfg = Debug|Any CPU
		{93F0392D-93A2-4C79-9C19-1B89B8B32604}.Debug|Any CPU.Build.0 = Debug|Any CPU
		{93F0392D-93A2-4C79-9C19-1B89B8B32604}.Release|Any CPU.ActiveCfg = Release|Any CPU
		{93F0392D-93A2-4C79-9C19-1B89B8B32604}.Release|Any CPU.Build.0 = Release|Any CPU
		{E6C221EC-F7CA-43B9-BD37-0784498CC57E}.Debug|Any CPU.ActiveCfg = Debug|Any CPU
		{E6C221EC-F7CA-43B9-BD37-0784498CC57E}.Debug|Any CPU.Build.0 = Debug|Any CPU
		{E6C221EC-F7CA-43B9-BD37-0784498CC57E}.Release|Any CPU.ActiveCfg = Release|Any CPU
		{E6C221EC-F7CA-43B9-BD37-0784498CC57E}.Release|Any CPU.Build.0 = Release|Any CPU
		{652811B8-9C6D-4A9C-878A-73AB16C150FB}.Debug|Any CPU.ActiveCfg = Debug|Any CPU
		{652811B8-9C6D-4A9C-878A-73AB16C150FB}.Debug|Any CPU.Build.0 = Debug|Any CPU
		{652811B8-9C6D-4A9C-878A-73AB16C150FB}.Release|Any CPU.ActiveCfg = Release|Any CPU
		{652811B8-9C6D-4A9C-878A-73AB16C150FB}.Release|Any CPU.Build.0 = Release|Any CPU
	EndGlobalSection
EndGlobal
